
Microsoft Visual Studio Solution File, Format Version 12.00
# Visual Studio Version 17
VisualStudioVersion = 17.12.35527.113
MinimumVisualStudioVersion = 10.0.40219.1
Project("{FAE04EC0-301F-11D3-BF4B-00C04F79EFBC}") = "CfgReaderLib", "CfgReaderLib\CfgReaderLib.csproj", "{A5E61661-C67A-40C2-B88C-3CBE20D60D1B}"
EndProject
Project("{FAE04EC0-301F-11D3-BF4B-00C04F79EFBC}") = "CfgReader", "CfgReader\CfgReader.csproj", "{2E62225B-C454-4C71-9762-9C12D88B80D5}"
EndProject
Project("{FAE04EC0-301F-11D3-BF4B-00C04F79EFBC}") = "ParserLib", "ParserLib\ParserLib.csproj", "{58CEE2F1-744E-4B2A-B59D-C5B6F995BE1E}"
EndProject
Global
	GlobalSection(SolutionConfigurationPlatforms) = preSolution
		Debug|Any CPU = Debug|Any CPU
		Release|Any CPU = Release|Any CPU
	EndGlobalSection
	GlobalSection(ProjectConfigurationPlatforms) = postSolution
		{A5E61661-C67A-40C2-B88C-3CBE20D60D1B}.Debug|Any CPU.ActiveCfg = Debug|Any CPU
		{A5E61661-C67A-40C2-B88C-3CBE20D60D1B}.Debug|Any CPU.Build.0 = Debug|Any CPU
		{A5E61661-C67A-40C2-B88C-3CBE20D60D1B}.Release|Any CPU.ActiveCfg = Release|Any CPU
		{A5E61661-C67A-40C2-B88C-3CBE20D60D1B}.Release|Any CPU.Build.0 = Release|Any CPU
		{2E62225B-C454-4C71-9762-9C12D88B80D5}.Debug|Any CPU.ActiveCfg = Debug|Any CPU
		{2E62225B-C454-4C71-9762-9C12D88B80D5}.Debug|Any CPU.Build.0 = Debug|Any CPU
		{2E62225B-C454-4C71-9762-9C12D88B80D5}.Release|Any CPU.ActiveCfg = Release|Any CPU
		{2E62225B-C454-4C71-9762-9C12D88B80D5}.Release|Any CPU.Build.0 = Release|Any CPU
		{58CEE2F1-744E-4B2A-B59D-C5B6F995BE1E}.Debug|Any CPU.ActiveCfg = Debug|Any CPU
		{58CEE2F1-744E-4B2A-B59D-C5B6F995BE1E}.Debug|Any CPU.Build.0 = Debug|Any CPU
		{58CEE2F1-744E-4B2A-B59D-C5B6F995BE1E}.Release|Any CPU.ActiveCfg = Release|Any CPU
		{58CEE2F1-744E-4B2A-B59D-C5B6F995BE1E}.Release|Any CPU.Build.0 = Release|Any CPU
	EndGlobalSection
	GlobalSection(SolutionProperties) = preSolution
		HideSolutionNode = FALSE
	EndGlobalSection
EndGlobal
